
Microsoft Visual Studio Solution File, Format Version 12.00
# Visual Studio Version 16
VisualStudioVersion = 16.0.29806.167
MinimumVisualStudioVersion = 10.0.40219.1
Project("{8BC9CEB8-8B4A-11D0-8D11-00A0C91BC942}") = "Task12forlabs1", "Task12forlabs1.vcxproj", "{B3667664-2423-4C59-A1C2-A9A99044CCBF}"
EndProject
Global
	GlobalSection(SolutionConfigurationPlatforms) = preSolution
		Debug|x64 = Debug|x64
		Debug|x86 = Debug|x86
		Release|x64 = Release|x64
		Release|x86 = Release|x86
	EndGlobalSection
	GlobalSection(ProjectConfigurationPlatforms) = postSolution
		{B3667664-2423-4C59-A1C2-A9A99044CCBF}.Debug|x64.ActiveCfg = Debug|x64
		{B3667664-2423-4C59-A1C2-A9A99044CCBF}.Debug|x64.Build.0 = Debug|x64
		{B3667664-2423-4C59-A1C2-A9A99044CCBF}.Debug|x86.ActiveCfg = Debug|Win32
		{B3667664-2423-4C59-A1C2-A9A99044CCBF}.Debug|x86.Build.0 = Debug|Win32
		{B3667664-2423-4C59-A1C2-A9A99044CCBF}.Release|x64.ActiveCfg = Release|x64
		{B3667664-2423-4C59-A1C2-A9A99044CCBF}.Release|x64.Build.0 = Release|x64
		{B3667664-2423-4C59-A1C2-A9A99044CCBF}.Release|x86.ActiveCfg = Release|Win32
		{B3667664-2423-4C59-A1C2-A9A99044CCBF}.Release|x86.Build.0 = Release|Win32
	EndGlobalSection
	GlobalSection(SolutionProperties) = preSolution
		HideSolutionNode = FALSE
	EndGlobalSection
	GlobalSection(ExtensibilityGlobals) = postSolution
		SolutionGuid = {DB85CE6D-CBF5-4D15-B0F2-5CB0FE29EDFF}
	EndGlobalSection
EndGlobal
