
Microsoft Visual Studio Solution File, Format Version 12.00
# Visual Studio Version 16
VisualStudioVersion = 16.0.29806.167
MinimumVisualStudioVersion = 10.0.40219.1
Project("{8BC9CEB8-8B4A-11D0-8D11-00A0C91BC942}") = "Task12(2)forlabs1", "Task12(2)forlabs1.vcxproj", "{5FBD9DEF-12CB-43A3-A4C4-D7EA3650891D}"
EndProject
Global
	GlobalSection(SolutionConfigurationPlatforms) = preSolution
		Debug|x64 = Debug|x64
		Debug|x86 = Debug|x86
		Release|x64 = Release|x64
		Release|x86 = Release|x86
	EndGlobalSection
	GlobalSection(ProjectConfigurationPlatforms) = postSolution
		{5FBD9DEF-12CB-43A3-A4C4-D7EA3650891D}.Debug|x64.ActiveCfg = Debug|x64
		{5FBD9DEF-12CB-43A3-A4C4-D7EA3650891D}.Debug|x64.Build.0 = Debug|x64
		{5FBD9DEF-12CB-43A3-A4C4-D7EA3650891D}.Debug|x86.ActiveCfg = Debug|Win32
		{5FBD9DEF-12CB-43A3-A4C4-D7EA3650891D}.Debug|x86.Build.0 = Debug|Win32
		{5FBD9DEF-12CB-43A3-A4C4-D7EA3650891D}.Release|x64.ActiveCfg = Release|x64
		{5FBD9DEF-12CB-43A3-A4C4-D7EA3650891D}.Release|x64.Build.0 = Release|x64
		{5FBD9DEF-12CB-43A3-A4C4-D7EA3650891D}.Release|x86.ActiveCfg = Release|Win32
		{5FBD9DEF-12CB-43A3-A4C4-D7EA3650891D}.Release|x86.Build.0 = Release|Win32
	EndGlobalSection
	GlobalSection(SolutionProperties) = preSolution
		HideSolutionNode = FALSE
	EndGlobalSection
	GlobalSection(ExtensibilityGlobals) = postSolution
		SolutionGuid = {C60D8F6E-5869-4F21-8702-58E51F10EDC0}
	EndGlobalSection
EndGlobal
